
Microsoft Visual Studio Solution File, Format Version 12.00
# Visual Studio Version 17
VisualStudioVersion = 17.13.35818.85 d17.13
MinimumVisualStudioVersion = 10.0.40219.1
Project("{FAE04EC0-301F-11D3-BF4B-00C04F79EFBC}") = "lab_rab_2_FurdinNK_BPI2302", "lab_rab_2_FurdinNK_BPI2302\lab_rab_2_FurdinNK_BPI2302.csproj", "{D9D6D55A-558D-4861-8AAB-D54F0B2CC58D}"
EndProject
Global
	GlobalSection(SolutionConfigurationPlatforms) = preSolution
		Debug|Any CPU = Debug|Any CPU
		Release|Any CPU = Release|Any CPU
	EndGlobalSection
	GlobalSection(ProjectConfigurationPlatforms) = postSolution
		{D9D6D55A-558D-4861-8AAB-D54F0B2CC58D}.Debug|Any CPU.ActiveCfg = Debug|Any CPU
		{D9D6D55A-558D-4861-8AAB-D54F0B2CC58D}.Debug|Any CPU.Build.0 = Debug|Any CPU
		{D9D6D55A-558D-4861-8AAB-D54F0B2CC58D}.Release|Any CPU.ActiveCfg = Release|Any CPU
		{D9D6D55A-558D-4861-8AAB-D54F0B2CC58D}.Release|Any CPU.Build.0 = Release|Any CPU
	EndGlobalSection
	GlobalSection(SolutionProperties) = preSolution
		HideSolutionNode = FALSE
	EndGlobalSection
	GlobalSection(ExtensibilityGlobals) = postSolution
		SolutionGuid = {EA98DC81-23B3-492E-AD55-746FDC82BA29}
	EndGlobalSection
EndGlobal
